// !$*UTF8*$!
{
	archiveVersion = 1;
	classes = {
	};
	objectVersion = 56;
	objects = {

/* Begin PBXBuildFile section */
		1870BB282927A404004C509A /* HabitViewController.swift in Sources */ = {isa = PBXBuildFile; fileRef = 1870BB272927A404004C509A /* HabitViewController.swift */; };
		1870BB2A2927CC2D004C509A /* PickerFill.swift in Sources */ = {isa = PBXBuildFile; fileRef = 1870BB292927CC2D004C509A /* PickerFill.swift */; };
		189F0FF72926955100739CF2 /* AppDelegate.swift in Sources */ = {isa = PBXBuildFile; fileRef = 189F0FF62926955100739CF2 /* AppDelegate.swift */; };
		189F0FF92926955100739CF2 /* SceneDelegate.swift in Sources */ = {isa = PBXBuildFile; fileRef = 189F0FF82926955100739CF2 /* SceneDelegate.swift */; };
		189F0FFB2926955100739CF2 /* HabitsViewController.swift in Sources */ = {isa = PBXBuildFile; fileRef = 189F0FFA2926955100739CF2 /* HabitsViewController.swift */; };
		189F10012926955100739CF2 /* MyHabits.xcdatamodeld in Sources */ = {isa = PBXBuildFile; fileRef = 189F0FFF2926955100739CF2 /* MyHabits.xcdatamodeld */; };
		189F10032926955100739CF2 /* Assets.xcassets in Resources */ = {isa = PBXBuildFile; fileRef = 189F10022926955100739CF2 /* Assets.xcassets */; };
		189F10062926955100739CF2 /* LaunchScreen.storyboard in Resources */ = {isa = PBXBuildFile; fileRef = 189F10042926955100739CF2 /* LaunchScreen.storyboard */; };
		189F100E2926970A00739CF2 /* HabitsStore.swift in Sources */ = {isa = PBXBuildFile; fileRef = 189F100D2926970A00739CF2 /* HabitsStore.swift */; };
		189F10102926A34C00739CF2 /* TabBarController.swift in Sources */ = {isa = PBXBuildFile; fileRef = 189F100F2926A34C00739CF2 /* TabBarController.swift */; };
		189F10122926A40000739CF2 /* InfoViewController.swift in Sources */ = {isa = PBXBuildFile; fileRef = 189F10112926A40000739CF2 /* InfoViewController.swift */; };
		18E45FF229280FDF001FE4F3 /* HabitsCollectionViewCell.swift in Sources */ = {isa = PBXBuildFile; fileRef = 18E45FF129280FDF001FE4F3 /* HabitsCollectionViewCell.swift */; };
/* End PBXBuildFile section */

/* Begin PBXFileReference section */
		1870BB272927A404004C509A /* HabitViewController.swift */ = {isa = PBXFileReference; lastKnownFileType = sourcecode.swift; path = HabitViewController.swift; sourceTree = "<group>"; };
		1870BB292927CC2D004C509A /* PickerFill.swift */ = {isa = PBXFileReference; lastKnownFileType = sourcecode.swift; path = PickerFill.swift; sourceTree = "<group>"; };
		189F0FF32926955100739CF2 /* MyHabits.app */ = {isa = PBXFileReference; explicitFileType = wrapper.application; includeInIndex = 0; path = MyHabits.app; sourceTree = BUILT_PRODUCTS_DIR; };
		189F0FF62926955100739CF2 /* AppDelegate.swift */ = {isa = PBXFileReference; lastKnownFileType = sourcecode.swift; path = AppDelegate.swift; sourceTree = "<group>"; };
		189F0FF82926955100739CF2 /* SceneDelegate.swift */ = {isa = PBXFileReference; lastKnownFileType = sourcecode.swift; path = SceneDelegate.swift; sourceTree = "<group>"; };
		189F0FFA2926955100739CF2 /* HabitsViewController.swift */ = {isa = PBXFileReference; lastKnownFileType = sourcecode.swift; path = HabitsViewController.swift; sourceTree = "<group>"; };
		189F10002926955100739CF2 /* MyHabits.xcdatamodel */ = {isa = PBXFileReference; lastKnownFileType = wrapper.xcdatamodel; path = MyHabits.xcdatamodel; sourceTree = "<group>"; };
		189F10022926955100739CF2 /* Assets.xcassets */ = {isa = PBXFileReference; lastKnownFileType = folder.assetcatalog; path = Assets.xcassets; sourceTree = "<group>"; };
		189F10052926955100739CF2 /* Base */ = {isa = PBXFileReference; lastKnownFileType = file.storyboard; name = Base; path = Base.lproj/LaunchScreen.storyboard; sourceTree = "<group>"; };
		189F10072926955100739CF2 /* Info.plist */ = {isa = PBXFileReference; lastKnownFileType = text.plist.xml; path = Info.plist; sourceTree = "<group>"; };
		189F100D2926970A00739CF2 /* HabitsStore.swift */ = {isa = PBXFileReference; lastKnownFileType = sourcecode.swift; path = HabitsStore.swift; sourceTree = "<group>"; };
		189F100F2926A34C00739CF2 /* TabBarController.swift */ = {isa = PBXFileReference; lastKnownFileType = sourcecode.swift; path = TabBarController.swift; sourceTree = "<group>"; };
		189F10112926A40000739CF2 /* InfoViewController.swift */ = {isa = PBXFileReference; lastKnownFileType = sourcecode.swift; path = InfoViewController.swift; sourceTree = "<group>"; };
		18E45FF129280FDF001FE4F3 /* HabitsCollectionViewCell.swift */ = {isa = PBXFileReference; lastKnownFileType = sourcecode.swift; path = HabitsCollectionViewCell.swift; sourceTree = "<group>"; };
/* End PBXFileReference section */

/* Begin PBXFrameworksBuildPhase section */
		189F0FF02926955100739CF2 /* Frameworks */ = {
			isa = PBXFrameworksBuildPhase;
			buildActionMask = 2147483647;
			files = (
			);
			runOnlyForDeploymentPostprocessing = 0;
		};
/* End PBXFrameworksBuildPhase section */

/* Begin PBXGroup section */
		1871139929290EC900088A1D /* FirstTabBar */ = {
			isa = PBXGroup;
			children = (
				189F0FFA2926955100739CF2 /* HabitsViewController.swift */,
				18E45FF129280FDF001FE4F3 /* HabitsCollectionViewCell.swift */,
				1870BB272927A404004C509A /* HabitViewController.swift */,
				1870BB292927CC2D004C509A /* PickerFill.swift */,
			);
			path = FirstTabBar;
			sourceTree = "<group>";
		};
		1871139A29290EDE00088A1D /* SecondTabBar */ = {
			isa = PBXGroup;
			children = (
				189F10112926A40000739CF2 /* InfoViewController.swift */,
			);
			path = SecondTabBar;
			sourceTree = "<group>";
		};
		1871139B29290F0500088A1D /* App */ = {
			isa = PBXGroup;
			children = (
				189F0FF62926955100739CF2 /* AppDelegate.swift */,
				189F0FF82926955100739CF2 /* SceneDelegate.swift */,
				189F10072926955100739CF2 /* Info.plist */,
			);
			path = App;
			sourceTree = "<group>";
		};
		189F0FEA2926955100739CF2 = {
			isa = PBXGroup;
			children = (
				189F0FF52926955100739CF2 /* MyHabits */,
				189F0FF42926955100739CF2 /* Products */,
			);
			sourceTree = "<group>";
		};
		189F0FF42926955100739CF2 /* Products */ = {
			isa = PBXGroup;
			children = (
				189F0FF32926955100739CF2 /* MyHabits.app */,
			);
			name = Products;
			sourceTree = "<group>";
		};
		189F0FF52926955100739CF2 /* MyHabits */ = {
			isa = PBXGroup;
			children = (
				1871139B29290F0500088A1D /* App */,
				189F100F2926A34C00739CF2 /* TabBarController.swift */,
				1871139929290EC900088A1D /* FirstTabBar */,
				1871139A29290EDE00088A1D /* SecondTabBar */,
				189F10022926955100739CF2 /* Assets.xcassets */,
				189F10042926955100739CF2 /* LaunchScreen.storyboard */,
				189F100D2926970A00739CF2 /* HabitsStore.swift */,
				189F0FFF2926955100739CF2 /* MyHabits.xcdatamodeld */,
			);
			path = MyHabits;
			sourceTree = "<group>";
		};
/* End PBXGroup section */

/* Begin PBXNativeTarget section */
		189F0FF22926955100739CF2 /* MyHabits */ = {
			isa = PBXNativeTarget;
			buildConfigurationList = 189F100A2926955100739CF2 /* Build configuration list for PBXNativeTarget "MyHabits" */;
			buildPhases = (
				189F0FEF2926955100739CF2 /* Sources */,
				189F0FF02926955100739CF2 /* Frameworks */,
				189F0FF12926955100739CF2 /* Resources */,
			);
			buildRules = (
			);
			dependencies = (
			);
			name = MyHabits;
			productName = MyHabits;
			productReference = 189F0FF32926955100739CF2 /* MyHabits.app */;
			productType = "com.apple.product-type.application";
		};
/* End PBXNativeTarget section */

/* Begin PBXProject section */
		189F0FEB2926955100739CF2 /* Project object */ = {
			isa = PBXProject;
			attributes = {
				BuildIndependentTargetsInParallel = 1;
				LastSwiftUpdateCheck = 1410;
				LastUpgradeCheck = 1410;
				TargetAttributes = {
					189F0FF22926955100739CF2 = {
						CreatedOnToolsVersion = 14.1;
					};
				};
			};
			buildConfigurationList = 189F0FEE2926955100739CF2 /* Build configuration list for PBXProject "MyHabits" */;
			compatibilityVersion = "Xcode 14.0";
			developmentRegion = en;
			hasScannedForEncodings = 0;
			knownRegions = (
				en,
				Base,
			);
			mainGroup = 189F0FEA2926955100739CF2;
			productRefGroup = 189F0FF42926955100739CF2 /* Products */;
			projectDirPath = "";
			projectRoot = "";
			targets = (
				189F0FF22926955100739CF2 /* MyHabits */,
			);
		};
/* End PBXProject section */

/* Begin PBXResourcesBuildPhase section */
		189F0FF12926955100739CF2 /* Resources */ = {
			isa = PBXResourcesBuildPhase;
			buildActionMask = 2147483647;
			files = (
				189F10062926955100739CF2 /* LaunchScreen.storyboard in Resources */,
				189F10032926955100739CF2 /* Assets.xcassets in Resources */,
			);
			runOnlyForDeploymentPostprocessing = 0;
		};
/* End PBXResourcesBuildPhase section */

/* Begin PBXSourcesBuildPhase section */
		189F0FEF2926955100739CF2 /* Sources */ = {
			isa = PBXSourcesBuildPhase;
			buildActionMask = 2147483647;
			files = (
				189F0FFB2926955100739CF2 /* HabitsViewController.swift in Sources */,
				189F0FF72926955100739CF2 /* AppDelegate.swift in Sources */,
				189F10012926955100739CF2 /* MyHabits.xcdatamodeld in Sources */,
				1870BB282927A404004C509A /* HabitViewController.swift in Sources */,
				189F10122926A40000739CF2 /* InfoViewController.swift in Sources */,
				1870BB2A2927CC2D004C509A /* PickerFill.swift in Sources */,
				189F10102926A34C00739CF2 /* TabBarController.swift in Sources */,
				189F100E2926970A00739CF2 /* HabitsStore.swift in Sources */,
				189F0FF92926955100739CF2 /* SceneDelegate.swift in Sources */,
				18E45FF229280FDF001FE4F3 /* HabitsCollectionViewCell.swift in Sources */,
			);
			runOnlyForDeploymentPostprocessing = 0;
		};
/* End PBXSourcesBuildPhase section */

/* Begin PBXVariantGroup section */
		189F10042926955100739CF2 /* LaunchScreen.storyboard */ = {
			isa = PBXVariantGroup;
			children = (
				189F10052926955100739CF2 /* Base */,
			);
			name = LaunchScreen.storyboard;
			sourceTree = "<group>";
		};
/* End PBXVariantGroup section */

/* Begin XCBuildConfiguration section */
		189F10082926955100739CF2 /* Debug */ = {
			isa = XCBuildConfiguration;
			buildSettings = {
				ALWAYS_SEARCH_USER_PATHS = NO;
				CLANG_ANALYZER_NONNULL = YES;
				CLANG_ANALYZER_NUMBER_OBJECT_CONVERSION = YES_AGGRESSIVE;
				CLANG_CXX_LANGUAGE_STANDARD = "gnu++20";
				CLANG_ENABLE_MODULES = YES;
				CLANG_ENABLE_OBJC_ARC = YES;
				CLANG_ENABLE_OBJC_WEAK = YES;
				CLANG_WARN_BLOCK_CAPTURE_AUTORELEASING = YES;
				CLANG_WARN_BOOL_CONVERSION = YES;
				CLANG_WARN_COMMA = YES;
				CLANG_WARN_CONSTANT_CONVERSION = YES;
				CLANG_WARN_DEPRECATED_OBJC_IMPLEMENTATIONS = YES;
				CLANG_WARN_DIRECT_OBJC_ISA_USAGE = YES_ERROR;
				CLANG_WARN_DOCUMENTATION_COMMENTS = YES;
				CLANG_WARN_EMPTY_BODY = YES;
				CLANG_WARN_ENUM_CONVERSION = YES;
				CLANG_WARN_INFINITE_RECURSION = YES;
				CLANG_WARN_INT_CONVERSION = YES;
				CLANG_WARN_NON_LITERAL_NULL_CONVERSION = YES;
				CLANG_WARN_OBJC_IMPLICIT_RETAIN_SELF = YES;
				CLANG_WARN_OBJC_LITERAL_CONVERSION = YES;
				CLANG_WARN_OBJC_ROOT_CLASS = YES_ERROR;
				CLANG_WARN_QUOTED_INCLUDE_IN_FRAMEWORK_HEADER = YES;
				CLANG_WARN_RANGE_LOOP_ANALYSIS = YES;
				CLANG_WARN_STRICT_PROTOTYPES = YES;
				CLANG_WARN_SUSPICIOUS_MOVE = YES;
				CLANG_WARN_UNGUARDED_AVAILABILITY = YES_AGGRESSIVE;
				CLANG_WARN_UNREACHABLE_CODE = YES;
				CLANG_WARN__DUPLICATE_METHOD_MATCH = YES;
				COPY_PHASE_STRIP = NO;
				DEBUG_INFORMATION_FORMAT = dwarf;
				ENABLE_STRICT_OBJC_MSGSEND = YES;
				ENABLE_TESTABILITY = YES;
				GCC_C_LANGUAGE_STANDARD = gnu11;
				GCC_DYNAMIC_NO_PIC = NO;
				GCC_NO_COMMON_BLOCKS = YES;
				GCC_OPTIMIZATION_LEVEL = 0;
				GCC_PREPROCESSOR_DEFINITIONS = (
					"DEBUG=1",
					"$(inherited)",
				);
				GCC_WARN_64_TO_32_BIT_CONVERSION = YES;
				GCC_WARN_ABOUT_RETURN_TYPE = YES_ERROR;
				GCC_WARN_UNDECLARED_SELECTOR = YES;
				GCC_WARN_UNINITIALIZED_AUTOS = YES_AGGRESSIVE;
				GCC_WARN_UNUSED_FUNCTION = YES;
				GCC_WARN_UNUSED_VARIABLE = YES;
				IPHONEOS_DEPLOYMENT_TARGET = 16.1;
				MTL_ENABLE_DEBUG_INFO = INCLUDE_SOURCE;
				MTL_FAST_MATH = YES;
				ONLY_ACTIVE_ARCH = YES;
				SDKROOT = iphoneos;
				SWIFT_ACTIVE_COMPILATION_CONDITIONS = DEBUG;
				SWIFT_OPTIMIZATION_LEVEL = "-Onone";
			};
			name = Debug;
		};
		189F10092926955100739CF2 /* Release */ = {
			isa = XCBuildConfiguration;
			buildSettings = {
				ALWAYS_SEARCH_USER_PATHS = NO;
				CLANG_ANALYZER_NONNULL = YES;
				CLANG_ANALYZER_NUMBER_OBJECT_CONVERSION = YES_AGGRESSIVE;
				CLANG_CXX_LANGUAGE_STANDARD = "gnu++20";
				CLANG_ENABLE_MODULES = YES;
				CLANG_ENABLE_OBJC_ARC = YES;
				CLANG_ENABLE_OBJC_WEAK = YES;
				CLANG_WARN_BLOCK_CAPTURE_AUTORELEASING = YES;
				CLANG_WARN_BOOL_CONVERSION = YES;
				CLANG_WARN_COMMA = YES;
				CLANG_WARN_CONSTANT_CONVERSION = YES;
				CLANG_WARN_DEPRECATED_OBJC_IMPLEMENTATIONS = YES;
				CLANG_WARN_DIRECT_OBJC_ISA_USAGE = YES_ERROR;
				CLANG_WARN_DOCUMENTATION_COMMENTS = YES;
				CLANG_WARN_EMPTY_BODY = YES;
				CLANG_WARN_ENUM_CONVERSION = YES;
				CLANG_WARN_INFINITE_RECURSION = YES;
				CLANG_WARN_INT_CONVERSION = YES;
				CLANG_WARN_NON_LITERAL_NULL_CONVERSION = YES;
				CLANG_WARN_OBJC_IMPLICIT_RETAIN_SELF = YES;
				CLANG_WARN_OBJC_LITERAL_CONVERSION = YES;
				CLANG_WARN_OBJC_ROOT_CLASS = YES_ERROR;
				CLANG_WARN_QUOTED_INCLUDE_IN_FRAMEWORK_HEADER = YES;
				CLANG_WARN_RANGE_LOOP_ANALYSIS = YES;
				CLANG_WARN_STRICT_PROTOTYPES = YES;
				CLANG_WARN_SUSPICIOUS_MOVE = YES;
				CLANG_WARN_UNGUARDED_AVAILABILITY = YES_AGGRESSIVE;
				CLANG_WARN_UNREACHABLE_CODE = YES;
				CLANG_WARN__DUPLICATE_METHOD_MATCH = YES;
				COPY_PHASE_STRIP = NO;
				DEBUG_INFORMATION_FORMAT = "dwarf-with-dsym";
				ENABLE_NS_ASSERTIONS = NO;
				ENABLE_STRICT_OBJC_MSGSEND = YES;
				GCC_C_LANGUAGE_STANDARD = gnu11;
				GCC_NO_COMMON_BLOCKS = YES;
				GCC_WARN_64_TO_32_BIT_CONVERSION = YES;
				GCC_WARN_ABOUT_RETURN_TYPE = YES_ERROR;
				GCC_WARN_UNDECLARED_SELECTOR = YES;
				GCC_WARN_UNINITIALIZED_AUTOS = YES_AGGRESSIVE;
				GCC_WARN_UNUSED_FUNCTION = YES;
				GCC_WARN_UNUSED_VARIABLE = YES;
				IPHONEOS_DEPLOYMENT_TARGET = 16.1;
				MTL_ENABLE_DEBUG_INFO = NO;
				MTL_FAST_MATH = YES;
				SDKROOT = iphoneos;
				SWIFT_COMPILATION_MODE = wholemodule;
				SWIFT_OPTIMIZATION_LEVEL = "-O";
				VALIDATE_PRODUCT = YES;
			};
			name = Release;
		};
		189F100B2926955100739CF2 /* Debug */ = {
			isa = XCBuildConfiguration;
			buildSettings = {
				ASSETCATALOG_COMPILER_APPICON_NAME = AppIcon;
				ASSETCATALOG_COMPILER_GLOBAL_ACCENT_COLOR_NAME = AccentColor;
				CODE_SIGN_STYLE = Automatic;
				CURRENT_PROJECT_VERSION = 1;
				DEVELOPMENT_TEAM = 4V4XBFRF5Z;
				GENERATE_INFOPLIST_FILE = YES;
				INFOPLIST_FILE = MyHabits/App/Info.plist;
				INFOPLIST_KEY_UIApplicationSupportsIndirectInputEvents = YES;
				INFOPLIST_KEY_UILaunchStoryboardName = LaunchScreen.storyboard;
				INFOPLIST_KEY_UISupportedInterfaceOrientations_iPad = "UIInterfaceOrientationPortrait UIInterfaceOrientationPortraitUpsideDown UIInterfaceOrientationLandscapeLeft UIInterfaceOrientationLandscapeRight";
				INFOPLIST_KEY_UISupportedInterfaceOrientations_iPhone = "UIInterfaceOrientationPortrait UIInterfaceOrientationLandscapeLeft UIInterfaceOrientationLandscapeRight";
				LD_RUNPATH_SEARCH_PATHS = (
					"$(inherited)",
					"@executable_path/Frameworks",
				);
				MARKETING_VERSION = 1.0;
				PRODUCT_BUNDLE_IDENTIFIER = PG.MyHabits;
				PRODUCT_NAME = "$(TARGET_NAME)";
				SUPPORTED_PLATFORMS = "iphoneos iphonesimulator";
				SUPPORTS_MACCATALYST = NO;
				SUPPORTS_MAC_DESIGNED_FOR_IPHONE_IPAD = NO;
				SWIFT_EMIT_LOC_STRINGS = YES;
				SWIFT_VERSION = 5.0;
				TARGETED_DEVICE_FAMILY = "1,2";
			};
			name = Debug;
		};
		189F100C2926955100739CF2 /* Release */ = {
			isa = XCBuildConfiguration;
			buildSettings = {
				ASSETCATALOG_COMPILER_APPICON_NAME = AppIcon;
				ASSETCATALOG_COMPILER_GLOBAL_ACCENT_COLOR_NAME = AccentColor;
				CODE_SIGN_STYLE = Automatic;
				CURRENT_PROJECT_VERSION = 1;
				DEVELOPMENT_TEAM = 4V4XBFRF5Z;
				GENERATE_INFOPLIST_FILE = YES;
				INFOPLIST_FILE = MyHabits/App/Info.plist;
				INFOPLIST_KEY_UIApplicationSupportsIndirectInputEvents = YES;
				INFOPLIST_KEY_UILaunchStoryboardName = LaunchScreen.storyboard;
				INFOPLIST_KEY_UISupportedInterfaceOrientations_iPad = "UIInterfaceOrientationPortrait UIInterfaceOrientationPortraitUpsideDown UIInterfaceOrientationLandscapeLeft UIInterfaceOrientationLandscapeRight";
				INFOPLIST_KEY_UISupportedInterfaceOrientations_iPhone = "UIInterfaceOrientationPortrait UIInterfaceOrientationLandscapeLeft UIInterfaceOrientationLandscapeRight";
				LD_RUNPATH_SEARCH_PATHS = (
					"$(inherited)",
					"@executable_path/Frameworks",
				);
				MARKETING_VERSION = 1.0;
				PRODUCT_BUNDLE_IDENTIFIER = PG.MyHabits;
				PRODUCT_NAME = "$(TARGET_NAME)";
				SUPPORTED_PLATFORMS = "iphoneos iphonesimulator";
				SUPPORTS_MACCATALYST = NO;
				SUPPORTS_MAC_DESIGNED_FOR_IPHONE_IPAD = NO;
				SWIFT_EMIT_LOC_STRINGS = YES;
				SWIFT_VERSION = 5.0;
				TARGETED_DEVICE_FAMILY = "1,2";
			};
			name = Release;
		};
/* End XCBuildConfiguration section */

/* Begin XCConfigurationList section */
		189F0FEE2926955100739CF2 /* Build configuration list for PBXProject "MyHabits" */ = {
			isa = XCConfigurationList;
			buildConfigurations = (
				189F10082926955100739CF2 /* Debug */,
				189F10092926955100739CF2 /* Release */,
			);
			defaultConfigurationIsVisible = 0;
			defaultConfigurationName = Release;
		};
		189F100A2926955100739CF2 /* Build configuration list for PBXNativeTarget "MyHabits" */ = {
			isa = XCConfigurationList;
			buildConfigurations = (
				189F100B2926955100739CF2 /* Debug */,
				189F100C2926955100739CF2 /* Release */,
			);
			defaultConfigurationIsVisible = 0;
			defaultConfigurationName = Release;
		};
/* End XCConfigurationList section */

/* Begin XCVersionGroup section */
		189F0FFF2926955100739CF2 /* MyHabits.xcdatamodeld */ = {
			isa = XCVersionGroup;
			children = (
				189F10002926955100739CF2 /* MyHabits.xcdatamodel */,
			);
			currentVersion = 189F10002926955100739CF2 /* MyHabits.xcdatamodel */;
			path = MyHabits.xcdatamodeld;
			sourceTree = "<group>";
			versionGroupType = wrapper.xcdatamodel;
		};
/* End XCVersionGroup section */
	};
	rootObject = 189F0FEB2926955100739CF2 /* Project object */;
}
